
Microsoft Visual Studio Solution File, Format Version 12.00
# Visual Studio Version 17
VisualStudioVersion = 17.8.34330.188
MinimumVisualStudioVersion = 10.0.40219.1
Project("{FAE04EC0-301F-11D3-BF4B-00C04F79EFBC}") = "Orders.Solution.Core", "Orders.Solution.Core\Orders.Solution.Core.csproj", "{5BED98E4-5711-4AF5-8FB3-77D50B3E5F47}"
EndProject
Global
	GlobalSection(SolutionConfigurationPlatforms) = preSolution
		Debug|Any CPU = Debug|Any CPU
		Release|Any CPU = Release|Any CPU
	EndGlobalSection
	GlobalSection(ProjectConfigurationPlatforms) = postSolution
		{5BED98E4-5711-4AF5-8FB3-77D50B3E5F47}.Debug|Any CPU.ActiveCfg = Debug|Any CPU
		{5BED98E4-5711-4AF5-8FB3-77D50B3E5F47}.Debug|Any CPU.Build.0 = Debug|Any CPU
		{5BED98E4-5711-4AF5-8FB3-77D50B3E5F47}.Release|Any CPU.ActiveCfg = Release|Any CPU
		{5BED98E4-5711-4AF5-8FB3-77D50B3E5F47}.Release|Any CPU.Build.0 = Release|Any CPU
	EndGlobalSection
	GlobalSection(SolutionProperties) = preSolution
		HideSolutionNode = FALSE
	EndGlobalSection
	GlobalSection(ExtensibilityGlobals) = postSolution
		SolutionGuid = {1B3FD3FB-F875-4157-887C-C2F45FB180CE}
	EndGlobalSection
EndGlobal
